
Microsoft Visual Studio Solution File, Format Version 12.00
# Visual Studio Version 17
VisualStudioVersion = 17.7.34031.279
MinimumVisualStudioVersion = 10.0.40219.1
Project("{FAE04EC0-301F-11D3-BF4B-00C04F79EFBC}") = "AutomobileLibrary", "AutomobileLibrary\AutomobileLibrary.csproj", "{8037B995-86A8-4B5C-B932-4067CFC893D3}"
EndProject
Project("{FAE04EC0-301F-11D3-BF4B-00C04F79EFBC}") = "AutomobileWinApp", "AutomobileWinApp\AutomobileWinApp.csproj", "{9523B140-F02E-4812-92F6-8A0B8276C261}"
	ProjectSection(ProjectDependencies) = postProject
		{8037B995-86A8-4B5C-B932-4067CFC893D3} = {8037B995-86A8-4B5C-B932-4067CFC893D3}
	EndProjectSection
EndProject
Global
	GlobalSection(SolutionConfigurationPlatforms) = preSolution
		Debug|Any CPU = Debug|Any CPU
		Release|Any CPU = Release|Any CPU
	EndGlobalSection
	GlobalSection(ProjectConfigurationPlatforms) = postSolution
		{8037B995-86A8-4B5C-B932-4067CFC893D3}.Debug|Any CPU.ActiveCfg = Debug|Any CPU
		{8037B995-86A8-4B5C-B932-4067CFC893D3}.Debug|Any CPU.Build.0 = Debug|Any CPU
		{8037B995-86A8-4B5C-B932-4067CFC893D3}.Release|Any CPU.ActiveCfg = Release|Any CPU
		{8037B995-86A8-4B5C-B932-4067CFC893D3}.Release|Any CPU.Build.0 = Release|Any CPU
		{9523B140-F02E-4812-92F6-8A0B8276C261}.Debug|Any CPU.ActiveCfg = Debug|Any CPU
		{9523B140-F02E-4812-92F6-8A0B8276C261}.Debug|Any CPU.Build.0 = Debug|Any CPU
		{9523B140-F02E-4812-92F6-8A0B8276C261}.Release|Any CPU.ActiveCfg = Release|Any CPU
		{9523B140-F02E-4812-92F6-8A0B8276C261}.Release|Any CPU.Build.0 = Release|Any CPU
	EndGlobalSection
	GlobalSection(SolutionProperties) = preSolution
		HideSolutionNode = FALSE
	EndGlobalSection
	GlobalSection(ExtensibilityGlobals) = postSolution
		SolutionGuid = {28C5B489-EC29-4B17-9DFD-79294F2A1485}
	EndGlobalSection
EndGlobal
